
Microsoft Visual Studio Solution File, Format Version 12.00
# Visual Studio 2012
Project("{FAE04EC0-301F-11D3-BF4B-00C04F79EFBC}") = "EjercicioPrecioViaje", "EjercicioPrecioViaje\EjercicioPrecioViaje.csproj", "{E8A2EF04-4D0A-4F01-98FB-FF56D86F6826}"
EndProject
Global
	GlobalSection(SolutionConfigurationPlatforms) = preSolution
		Debug|x86 = Debug|x86
		Release|x86 = Release|x86
	EndGlobalSection
	GlobalSection(ProjectConfigurationPlatforms) = postSolution
		{E8A2EF04-4D0A-4F01-98FB-FF56D86F6826}.Debug|x86.ActiveCfg = Debug|x86
		{E8A2EF04-4D0A-4F01-98FB-FF56D86F6826}.Debug|x86.Build.0 = Debug|x86
		{E8A2EF04-4D0A-4F01-98FB-FF56D86F6826}.Release|x86.ActiveCfg = Release|x86
		{E8A2EF04-4D0A-4F01-98FB-FF56D86F6826}.Release|x86.Build.0 = Release|x86
	EndGlobalSection
EndGlobal
